
Microsoft Visual Studio Solution File, Format Version 12.00
# Visual Studio 14
VisualStudioVersion = 14.0.25420.1
MinimumVisualStudioVersion = 10.0.40219.1
Project("{FAE04EC0-301F-11D3-BF4B-00C04F79EFBC}") = "EssentialTools", "EssentialTools\EssentialTools.csproj", "{D6CBC3DD-9DBC-474F-895D-4BFE7F1283F4}"
EndProject
Project("{FAE04EC0-301F-11D3-BF4B-00C04F79EFBC}") = "EssentilaTools.Test", "EssentilaTools.Test\EssentilaTools.Test.csproj", "{D085CE58-EA14-40DB-83D1-67A6D160CECE}"
EndProject
Global
	GlobalSection(SolutionConfigurationPlatforms) = preSolution
		Debug|Any CPU = Debug|Any CPU
		Release|Any CPU = Release|Any CPU
	EndGlobalSection
	GlobalSection(ProjectConfigurationPlatforms) = postSolution
		{D6CBC3DD-9DBC-474F-895D-4BFE7F1283F4}.Debug|Any CPU.ActiveCfg = Debug|Any CPU
		{D6CBC3DD-9DBC-474F-895D-4BFE7F1283F4}.Debug|Any CPU.Build.0 = Debug|Any CPU
		{D6CBC3DD-9DBC-474F-895D-4BFE7F1283F4}.Release|Any CPU.ActiveCfg = Release|Any CPU
		{D6CBC3DD-9DBC-474F-895D-4BFE7F1283F4}.Release|Any CPU.Build.0 = Release|Any CPU
		{D085CE58-EA14-40DB-83D1-67A6D160CECE}.Debug|Any CPU.ActiveCfg = Debug|Any CPU
		{D085CE58-EA14-40DB-83D1-67A6D160CECE}.Debug|Any CPU.Build.0 = Debug|Any CPU
		{D085CE58-EA14-40DB-83D1-67A6D160CECE}.Release|Any CPU.ActiveCfg = Release|Any CPU
		{D085CE58-EA14-40DB-83D1-67A6D160CECE}.Release|Any CPU.Build.0 = Release|Any CPU
	EndGlobalSection
	GlobalSection(SolutionProperties) = preSolution
		HideSolutionNode = FALSE
	EndGlobalSection
EndGlobal
